// !$*UTF8*$!
{
	archiveVersion = 1;
	classes = {
	};
	objectVersion = 55;
	objects = {

/* Begin PBXBuildFile section */
		D2DC437928EC9234006DDCD1 /* AppDelegate.swift in Sources */ = {isa = PBXBuildFile; fileRef = D2DC437828EC9234006DDCD1 /* AppDelegate.swift */; };
		D2DC437B28EC9234006DDCD1 /* ViewController.swift in Sources */ = {isa = PBXBuildFile; fileRef = D2DC437A28EC9234006DDCD1 /* ViewController.swift */; };
		D2DC437D28EC9235006DDCD1 /* Assets.xcassets in Resources */ = {isa = PBXBuildFile; fileRef = D2DC437C28EC9235006DDCD1 /* Assets.xcassets */; };
		D2DC438028EC9235006DDCD1 /* Main.storyboard in Resources */ = {isa = PBXBuildFile; fileRef = D2DC437E28EC9235006DDCD1 /* Main.storyboard */; };
		D2DC438B28EC9235006DDCD1 /* NNJsonToModelTemplateTests.swift in Sources */ = {isa = PBXBuildFile; fileRef = D2DC438A28EC9235006DDCD1 /* NNJsonToModelTemplateTests.swift */; };
		D2DC439528EC9235006DDCD1 /* NNJsonToModelTemplateUITests.swift in Sources */ = {isa = PBXBuildFile; fileRef = D2DC439428EC9235006DDCD1 /* NNJsonToModelTemplateUITests.swift */; };
		D2DC439728EC9235006DDCD1 /* NNJsonToModelTemplateUITestsLaunchTests.swift in Sources */ = {isa = PBXBuildFile; fileRef = D2DC439628EC9235006DDCD1 /* NNJsonToModelTemplateUITestsLaunchTests.swift */; };
		D2DC43A628EC9257006DDCD1 /* CheckType.m in Sources */ = {isa = PBXBuildFile; fileRef = D2DC43A528EC9256006DDCD1 /* CheckType.m */; };
/* End PBXBuildFile section */

/* Begin PBXContainerItemProxy section */
		D2DC438728EC9235006DDCD1 /* PBXContainerItemProxy */ = {
			isa = PBXContainerItemProxy;
			containerPortal = D2DC436D28EC9234006DDCD1 /* Project object */;
			proxyType = 1;
			remoteGlobalIDString = D2DC437428EC9234006DDCD1;
			remoteInfo = NNJsonToModelTemplate;
		};
		D2DC439128EC9235006DDCD1 /* PBXContainerItemProxy */ = {
			isa = PBXContainerItemProxy;
			containerPortal = D2DC436D28EC9234006DDCD1 /* Project object */;
			proxyType = 1;
			remoteGlobalIDString = D2DC437428EC9234006DDCD1;
			remoteInfo = NNJsonToModelTemplate;
		};
/* End PBXContainerItemProxy section */

/* Begin PBXFileReference section */
		D2DC437528EC9234006DDCD1 /* NNJsonToModelTemplate.app */ = {isa = PBXFileReference; explicitFileType = wrapper.application; includeInIndex = 0; path = NNJsonToModelTemplate.app; sourceTree = BUILT_PRODUCTS_DIR; };
		D2DC437828EC9234006DDCD1 /* AppDelegate.swift */ = {isa = PBXFileReference; lastKnownFileType = sourcecode.swift; path = AppDelegate.swift; sourceTree = "<group>"; };
		D2DC437A28EC9234006DDCD1 /* ViewController.swift */ = {isa = PBXFileReference; lastKnownFileType = sourcecode.swift; path = ViewController.swift; sourceTree = "<group>"; };
		D2DC437C28EC9235006DDCD1 /* Assets.xcassets */ = {isa = PBXFileReference; lastKnownFileType = folder.assetcatalog; path = Assets.xcassets; sourceTree = "<group>"; };
		D2DC437F28EC9235006DDCD1 /* Base */ = {isa = PBXFileReference; lastKnownFileType = file.storyboard; name = Base; path = Base.lproj/Main.storyboard; sourceTree = "<group>"; };
		D2DC438128EC9235006DDCD1 /* NNJsonToModelTemplate.entitlements */ = {isa = PBXFileReference; lastKnownFileType = text.plist.entitlements; path = NNJsonToModelTemplate.entitlements; sourceTree = "<group>"; };
		D2DC438628EC9235006DDCD1 /* NNJsonToModelTemplateTests.xctest */ = {isa = PBXFileReference; explicitFileType = wrapper.cfbundle; includeInIndex = 0; path = NNJsonToModelTemplateTests.xctest; sourceTree = BUILT_PRODUCTS_DIR; };
		D2DC438A28EC9235006DDCD1 /* NNJsonToModelTemplateTests.swift */ = {isa = PBXFileReference; lastKnownFileType = sourcecode.swift; path = NNJsonToModelTemplateTests.swift; sourceTree = "<group>"; };
		D2DC439028EC9235006DDCD1 /* NNJsonToModelTemplateUITests.xctest */ = {isa = PBXFileReference; explicitFileType = wrapper.cfbundle; includeInIndex = 0; path = NNJsonToModelTemplateUITests.xctest; sourceTree = BUILT_PRODUCTS_DIR; };
		D2DC439428EC9235006DDCD1 /* NNJsonToModelTemplateUITests.swift */ = {isa = PBXFileReference; lastKnownFileType = sourcecode.swift; path = NNJsonToModelTemplateUITests.swift; sourceTree = "<group>"; };
		D2DC439628EC9235006DDCD1 /* NNJsonToModelTemplateUITestsLaunchTests.swift */ = {isa = PBXFileReference; lastKnownFileType = sourcecode.swift; path = NNJsonToModelTemplateUITestsLaunchTests.swift; sourceTree = "<group>"; };
		D2DC43A328EC9256006DDCD1 /* NNJsonToModelTemplate-Bridging-Header.h */ = {isa = PBXFileReference; lastKnownFileType = sourcecode.c.h; path = "NNJsonToModelTemplate-Bridging-Header.h"; sourceTree = "<group>"; };
		D2DC43A428EC9256006DDCD1 /* CheckType.h */ = {isa = PBXFileReference; fileEncoding = 4; lastKnownFileType = sourcecode.c.h; path = CheckType.h; sourceTree = "<group>"; };
		D2DC43A528EC9256006DDCD1 /* CheckType.m */ = {isa = PBXFileReference; fileEncoding = 4; lastKnownFileType = sourcecode.c.objc; path = CheckType.m; sourceTree = "<group>"; };
/* End PBXFileReference section */

/* Begin PBXFrameworksBuildPhase section */
		D2DC437228EC9234006DDCD1 /* Frameworks */ = {
			isa = PBXFrameworksBuildPhase;
			buildActionMask = 2147483647;
			files = (
			);
			runOnlyForDeploymentPostprocessing = 0;
		};
		D2DC438328EC9235006DDCD1 /* Frameworks */ = {
			isa = PBXFrameworksBuildPhase;
			buildActionMask = 2147483647;
			files = (
			);
			runOnlyForDeploymentPostprocessing = 0;
		};
		D2DC438D28EC9235006DDCD1 /* Frameworks */ = {
			isa = PBXFrameworksBuildPhase;
			buildActionMask = 2147483647;
			files = (
			);
			runOnlyForDeploymentPostprocessing = 0;
		};
/* End PBXFrameworksBuildPhase section */

/* Begin PBXGroup section */
		D2DC436C28EC9234006DDCD1 = {
			isa = PBXGroup;
			children = (
				D2DC437728EC9234006DDCD1 /* NNJsonToModelTemplate */,
				D2DC438928EC9235006DDCD1 /* NNJsonToModelTemplateTests */,
				D2DC439328EC9235006DDCD1 /* NNJsonToModelTemplateUITests */,
				D2DC437628EC9234006DDCD1 /* Products */,
			);
			sourceTree = "<group>";
		};
		D2DC437628EC9234006DDCD1 /* Products */ = {
			isa = PBXGroup;
			children = (
				D2DC437528EC9234006DDCD1 /* NNJsonToModelTemplate.app */,
				D2DC438628EC9235006DDCD1 /* NNJsonToModelTemplateTests.xctest */,
				D2DC439028EC9235006DDCD1 /* NNJsonToModelTemplateUITests.xctest */,
			);
			name = Products;
			sourceTree = "<group>";
		};
		D2DC437728EC9234006DDCD1 /* NNJsonToModelTemplate */ = {
			isa = PBXGroup;
			children = (
				D2DC437828EC9234006DDCD1 /* AppDelegate.swift */,
				D2DC437A28EC9234006DDCD1 /* ViewController.swift */,
				D2DC43A428EC9256006DDCD1 /* CheckType.h */,
				D2DC43A528EC9256006DDCD1 /* CheckType.m */,
				D2DC437C28EC9235006DDCD1 /* Assets.xcassets */,
				D2DC437E28EC9235006DDCD1 /* Main.storyboard */,
				D2DC438128EC9235006DDCD1 /* NNJsonToModelTemplate.entitlements */,
				D2DC43A328EC9256006DDCD1 /* NNJsonToModelTemplate-Bridging-Header.h */,
			);
			path = NNJsonToModelTemplate;
			sourceTree = "<group>";
		};
		D2DC438928EC9235006DDCD1 /* NNJsonToModelTemplateTests */ = {
			isa = PBXGroup;
			children = (
				D2DC438A28EC9235006DDCD1 /* NNJsonToModelTemplateTests.swift */,
			);
			path = NNJsonToModelTemplateTests;
			sourceTree = "<group>";
		};
		D2DC439328EC9235006DDCD1 /* NNJsonToModelTemplateUITests */ = {
			isa = PBXGroup;
			children = (
				D2DC439428EC9235006DDCD1 /* NNJsonToModelTemplateUITests.swift */,
				D2DC439628EC9235006DDCD1 /* NNJsonToModelTemplateUITestsLaunchTests.swift */,
			);
			path = NNJsonToModelTemplateUITests;
			sourceTree = "<group>";
		};
/* End PBXGroup section */

/* Begin PBXNativeTarget section */
		D2DC437428EC9234006DDCD1 /* NNJsonToModelTemplate */ = {
			isa = PBXNativeTarget;
			buildConfigurationList = D2DC439A28EC9235006DDCD1 /* Build configuration list for PBXNativeTarget "NNJsonToModelTemplate" */;
			buildPhases = (
				D2DC437128EC9234006DDCD1 /* Sources */,
				D2DC437228EC9234006DDCD1 /* Frameworks */,
				D2DC437328EC9234006DDCD1 /* Resources */,
			);
			buildRules = (
			);
			dependencies = (
			);
			name = NNJsonToModelTemplate;
			productName = NNJsonToModelTemplate;
			productReference = D2DC437528EC9234006DDCD1 /* NNJsonToModelTemplate.app */;
			productType = "com.apple.product-type.application";
		};
		D2DC438528EC9235006DDCD1 /* NNJsonToModelTemplateTests */ = {
			isa = PBXNativeTarget;
			buildConfigurationList = D2DC439D28EC9235006DDCD1 /* Build configuration list for PBXNativeTarget "NNJsonToModelTemplateTests" */;
			buildPhases = (
				D2DC438228EC9235006DDCD1 /* Sources */,
				D2DC438328EC9235006DDCD1 /* Frameworks */,
				D2DC438428EC9235006DDCD1 /* Resources */,
			);
			buildRules = (
			);
			dependencies = (
				D2DC438828EC9235006DDCD1 /* PBXTargetDependency */,
			);
			name = NNJsonToModelTemplateTests;
			productName = NNJsonToModelTemplateTests;
			productReference = D2DC438628EC9235006DDCD1 /* NNJsonToModelTemplateTests.xctest */;
			productType = "com.apple.product-type.bundle.unit-test";
		};
		D2DC438F28EC9235006DDCD1 /* NNJsonToModelTemplateUITests */ = {
			isa = PBXNativeTarget;
			buildConfigurationList = D2DC43A028EC9235006DDCD1 /* Build configuration list for PBXNativeTarget "NNJsonToModelTemplateUITests" */;
			buildPhases = (
				D2DC438C28EC9235006DDCD1 /* Sources */,
				D2DC438D28EC9235006DDCD1 /* Frameworks */,
				D2DC438E28EC9235006DDCD1 /* Resources */,
			);
			buildRules = (
			);
			dependencies = (
				D2DC439228EC9235006DDCD1 /* PBXTargetDependency */,
			);
			name = NNJsonToModelTemplateUITests;
			productName = NNJsonToModelTemplateUITests;
			productReference = D2DC439028EC9235006DDCD1 /* NNJsonToModelTemplateUITests.xctest */;
			productType = "com.apple.product-type.bundle.ui-testing";
		};
/* End PBXNativeTarget section */

/* Begin PBXProject section */
		D2DC436D28EC9234006DDCD1 /* Project object */ = {
			isa = PBXProject;
			attributes = {
				BuildIndependentTargetsInParallel = 1;
				LastSwiftUpdateCheck = 1340;
				LastUpgradeCheck = 1340;
				TargetAttributes = {
					D2DC437428EC9234006DDCD1 = {
						CreatedOnToolsVersion = 13.4.1;
						LastSwiftMigration = 1340;
					};
					D2DC438528EC9235006DDCD1 = {
						CreatedOnToolsVersion = 13.4.1;
						TestTargetID = D2DC437428EC9234006DDCD1;
					};
					D2DC438F28EC9235006DDCD1 = {
						CreatedOnToolsVersion = 13.4.1;
						TestTargetID = D2DC437428EC9234006DDCD1;
					};
				};
			};
			buildConfigurationList = D2DC437028EC9234006DDCD1 /* Build configuration list for PBXProject "NNJsonToModelTemplate" */;
			compatibilityVersion = "Xcode 13.0";
			developmentRegion = en;
			hasScannedForEncodings = 0;
			knownRegions = (
				en,
				Base,
			);
			mainGroup = D2DC436C28EC9234006DDCD1;
			productRefGroup = D2DC437628EC9234006DDCD1 /* Products */;
			projectDirPath = "";
			projectRoot = "";
			targets = (
				D2DC437428EC9234006DDCD1 /* NNJsonToModelTemplate */,
				D2DC438528EC9235006DDCD1 /* NNJsonToModelTemplateTests */,
				D2DC438F28EC9235006DDCD1 /* NNJsonToModelTemplateUITests */,
			);
		};
/* End PBXProject section */

/* Begin PBXResourcesBuildPhase section */
		D2DC437328EC9234006DDCD1 /* Resources */ = {
			isa = PBXResourcesBuildPhase;
			buildActionMask = 2147483647;
			files = (
				D2DC437D28EC9235006DDCD1 /* Assets.xcassets in Resources */,
				D2DC438028EC9235006DDCD1 /* Main.storyboard in Resources */,
			);
			runOnlyForDeploymentPostprocessing = 0;
		};
		D2DC438428EC9235006DDCD1 /* Resources */ = {
			isa = PBXResourcesBuildPhase;
			buildActionMask = 2147483647;
			files = (
			);
			runOnlyForDeploymentPostprocessing = 0;
		};
		D2DC438E28EC9235006DDCD1 /* Resources */ = {
			isa = PBXResourcesBuildPhase;
			buildActionMask = 2147483647;
			files = (
			);
			runOnlyForDeploymentPostprocessing = 0;
		};
/* End PBXResourcesBuildPhase section */

/* Begin PBXSourcesBuildPhase section */
		D2DC437128EC9234006DDCD1 /* Sources */ = {
			isa = PBXSourcesBuildPhase;
			buildActionMask = 2147483647;
			files = (
				D2DC437B28EC9234006DDCD1 /* ViewController.swift in Sources */,
				D2DC437928EC9234006DDCD1 /* AppDelegate.swift in Sources */,
				D2DC43A628EC9257006DDCD1 /* CheckType.m in Sources */,
			);
			runOnlyForDeploymentPostprocessing = 0;
		};
		D2DC438228EC9235006DDCD1 /* Sources */ = {
			isa = PBXSourcesBuildPhase;
			buildActionMask = 2147483647;
			files = (
				D2DC438B28EC9235006DDCD1 /* NNJsonToModelTemplateTests.swift in Sources */,
			);
			runOnlyForDeploymentPostprocessing = 0;
		};
		D2DC438C28EC9235006DDCD1 /* Sources */ = {
			isa = PBXSourcesBuildPhase;
			buildActionMask = 2147483647;
			files = (
				D2DC439528EC9235006DDCD1 /* NNJsonToModelTemplateUITests.swift in Sources */,
				D2DC439728EC9235006DDCD1 /* NNJsonToModelTemplateUITestsLaunchTests.swift in Sources */,
			);
			runOnlyForDeploymentPostprocessing = 0;
		};
/* End PBXSourcesBuildPhase section */

/* Begin PBXTargetDependency section */
		D2DC438828EC9235006DDCD1 /* PBXTargetDependency */ = {
			isa = PBXTargetDependency;
			target = D2DC437428EC9234006DDCD1 /* NNJsonToModelTemplate */;
			targetProxy = D2DC438728EC9235006DDCD1 /* PBXContainerItemProxy */;
		};
		D2DC439228EC9235006DDCD1 /* PBXTargetDependency */ = {
			isa = PBXTargetDependency;
			target = D2DC437428EC9234006DDCD1 /* NNJsonToModelTemplate */;
			targetProxy = D2DC439128EC9235006DDCD1 /* PBXContainerItemProxy */;
		};
/* End PBXTargetDependency section */

/* Begin PBXVariantGroup section */
		D2DC437E28EC9235006DDCD1 /* Main.storyboard */ = {
			isa = PBXVariantGroup;
			children = (
				D2DC437F28EC9235006DDCD1 /* Base */,
			);
			name = Main.storyboard;
			sourceTree = "<group>";
		};
/* End PBXVariantGroup section */

/* Begin XCBuildConfiguration section */
		D2DC439828EC9235006DDCD1 /* Debug */ = {
			isa = XCBuildConfiguration;
			buildSettings = {
				ALWAYS_SEARCH_USER_PATHS = NO;
				CLANG_ANALYZER_NONNULL = YES;
				CLANG_ANALYZER_NUMBER_OBJECT_CONVERSION = YES_AGGRESSIVE;
				CLANG_CXX_LANGUAGE_STANDARD = "gnu++17";
				CLANG_ENABLE_MODULES = YES;
				CLANG_ENABLE_OBJC_ARC = YES;
				CLANG_ENABLE_OBJC_WEAK = YES;
				CLANG_WARN_BLOCK_CAPTURE_AUTORELEASING = YES;
				CLANG_WARN_BOOL_CONVERSION = YES;
				CLANG_WARN_COMMA = YES;
				CLANG_WARN_CONSTANT_CONVERSION = YES;
				CLANG_WARN_DEPRECATED_OBJC_IMPLEMENTATIONS = YES;
				CLANG_WARN_DIRECT_OBJC_ISA_USAGE = YES_ERROR;
				CLANG_WARN_DOCUMENTATION_COMMENTS = YES;
				CLANG_WARN_EMPTY_BODY = YES;
				CLANG_WARN_ENUM_CONVERSION = YES;
				CLANG_WARN_INFINITE_RECURSION = YES;
				CLANG_WARN_INT_CONVERSION = YES;
				CLANG_WARN_NON_LITERAL_NULL_CONVERSION = YES;
				CLANG_WARN_OBJC_IMPLICIT_RETAIN_SELF = YES;
				CLANG_WARN_OBJC_LITERAL_CONVERSION = YES;
				CLANG_WARN_OBJC_ROOT_CLASS = YES_ERROR;
				CLANG_WARN_QUOTED_INCLUDE_IN_FRAMEWORK_HEADER = YES;
				CLANG_WARN_RANGE_LOOP_ANALYSIS = YES;
				CLANG_WARN_STRICT_PROTOTYPES = YES;
				CLANG_WARN_SUSPICIOUS_MOVE = YES;
				CLANG_WARN_UNGUARDED_AVAILABILITY = YES_AGGRESSIVE;
				CLANG_WARN_UNREACHABLE_CODE = YES;
				CLANG_WARN__DUPLICATE_METHOD_MATCH = YES;
				COPY_PHASE_STRIP = NO;
				DEBUG_INFORMATION_FORMAT = dwarf;
				ENABLE_STRICT_OBJC_MSGSEND = YES;
				ENABLE_TESTABILITY = YES;
				GCC_C_LANGUAGE_STANDARD = gnu11;
				GCC_DYNAMIC_NO_PIC = NO;
				GCC_NO_COMMON_BLOCKS = YES;
				GCC_OPTIMIZATION_LEVEL = 0;
				GCC_PREPROCESSOR_DEFINITIONS = (
					"DEBUG=1",
					"$(inherited)",
				);
				GCC_WARN_64_TO_32_BIT_CONVERSION = YES;
				GCC_WARN_ABOUT_RETURN_TYPE = YES_ERROR;
				GCC_WARN_UNDECLARED_SELECTOR = YES;
				GCC_WARN_UNINITIALIZED_AUTOS = YES_AGGRESSIVE;
				GCC_WARN_UNUSED_FUNCTION = YES;
				GCC_WARN_UNUSED_VARIABLE = YES;
				MACOSX_DEPLOYMENT_TARGET = 12.3;
				MTL_ENABLE_DEBUG_INFO = INCLUDE_SOURCE;
				MTL_FAST_MATH = YES;
				ONLY_ACTIVE_ARCH = YES;
				SDKROOT = macosx;
				SWIFT_ACTIVE_COMPILATION_CONDITIONS = DEBUG;
				SWIFT_OPTIMIZATION_LEVEL = "-Onone";
			};
			name = Debug;
		};
		D2DC439928EC9235006DDCD1 /* Release */ = {
			isa = XCBuildConfiguration;
			buildSettings = {
				ALWAYS_SEARCH_USER_PATHS = NO;
				CLANG_ANALYZER_NONNULL = YES;
				CLANG_ANALYZER_NUMBER_OBJECT_CONVERSION = YES_AGGRESSIVE;
				CLANG_CXX_LANGUAGE_STANDARD = "gnu++17";
				CLANG_ENABLE_MODULES = YES;
				CLANG_ENABLE_OBJC_ARC = YES;
				CLANG_ENABLE_OBJC_WEAK = YES;
				CLANG_WARN_BLOCK_CAPTURE_AUTORELEASING = YES;
				CLANG_WARN_BOOL_CONVERSION = YES;
				CLANG_WARN_COMMA = YES;
				CLANG_WARN_CONSTANT_CONVERSION = YES;
				CLANG_WARN_DEPRECATED_OBJC_IMPLEMENTATIONS = YES;
				CLANG_WARN_DIRECT_OBJC_ISA_USAGE = YES_ERROR;
				CLANG_WARN_DOCUMENTATION_COMMENTS = YES;
				CLANG_WARN_EMPTY_BODY = YES;
				CLANG_WARN_ENUM_CONVERSION = YES;
				CLANG_WARN_INFINITE_RECURSION = YES;
				CLANG_WARN_INT_CONVERSION = YES;
				CLANG_WARN_NON_LITERAL_NULL_CONVERSION = YES;
				CLANG_WARN_OBJC_IMPLICIT_RETAIN_SELF = YES;
				CLANG_WARN_OBJC_LITERAL_CONVERSION = YES;
				CLANG_WARN_OBJC_ROOT_CLASS = YES_ERROR;
				CLANG_WARN_QUOTED_INCLUDE_IN_FRAMEWORK_HEADER = YES;
				CLANG_WARN_RANGE_LOOP_ANALYSIS = YES;
				CLANG_WARN_STRICT_PROTOTYPES = YES;
				CLANG_WARN_SUSPICIOUS_MOVE = YES;
				CLANG_WARN_UNGUARDED_AVAILABILITY = YES_AGGRESSIVE;
				CLANG_WARN_UNREACHABLE_CODE = YES;
				CLANG_WARN__DUPLICATE_METHOD_MATCH = YES;
				COPY_PHASE_STRIP = NO;
				DEBUG_INFORMATION_FORMAT = "dwarf-with-dsym";
				ENABLE_NS_ASSERTIONS = NO;
				ENABLE_STRICT_OBJC_MSGSEND = YES;
				GCC_C_LANGUAGE_STANDARD = gnu11;
				GCC_NO_COMMON_BLOCKS = YES;
				GCC_WARN_64_TO_32_BIT_CONVERSION = YES;
				GCC_WARN_ABOUT_RETURN_TYPE = YES_ERROR;
				GCC_WARN_UNDECLARED_SELECTOR = YES;
				GCC_WARN_UNINITIALIZED_AUTOS = YES_AGGRESSIVE;
				GCC_WARN_UNUSED_FUNCTION = YES;
				GCC_WARN_UNUSED_VARIABLE = YES;
				MACOSX_DEPLOYMENT_TARGET = 12.3;
				MTL_ENABLE_DEBUG_INFO = NO;
				MTL_FAST_MATH = YES;
				SDKROOT = macosx;
				SWIFT_COMPILATION_MODE = wholemodule;
				SWIFT_OPTIMIZATION_LEVEL = "-O";
			};
			name = Release;
		};
		D2DC439B28EC9235006DDCD1 /* Debug */ = {
			isa = XCBuildConfiguration;
			buildSettings = {
				ASSETCATALOG_COMPILER_APPICON_NAME = AppIcon;
				ASSETCATALOG_COMPILER_GLOBAL_ACCENT_COLOR_NAME = AccentColor;
				CLANG_ENABLE_MODULES = YES;
				CODE_SIGN_ENTITLEMENTS = NNJsonToModelTemplate/NNJsonToModelTemplate.entitlements;
				CODE_SIGN_STYLE = Automatic;
				COMBINE_HIDPI_IMAGES = YES;
				CURRENT_PROJECT_VERSION = 1;
				DEVELOPMENT_TEAM = F7R5HJX45X;
				ENABLE_HARDENED_RUNTIME = YES;
				GENERATE_INFOPLIST_FILE = YES;
				INFOPLIST_KEY_NSHumanReadableCopyright = "";
				INFOPLIST_KEY_NSMainStoryboardFile = Main;
				INFOPLIST_KEY_NSPrincipalClass = NSApplication;
				LD_RUNPATH_SEARCH_PATHS = (
					"$(inherited)",
					"@executable_path/../Frameworks",
				);
				MARKETING_VERSION = 1.0;
				PRODUCT_BUNDLE_IDENTIFIER = com.nn.jsontoclass.NNJsonToModelTemplate;
				PRODUCT_NAME = "$(TARGET_NAME)";
				SWIFT_EMIT_LOC_STRINGS = YES;
				SWIFT_OBJC_BRIDGING_HEADER = "NNJsonToModelTemplate/NNJsonToModelTemplate-Bridging-Header.h";
				SWIFT_OPTIMIZATION_LEVEL = "-Onone";
				SWIFT_VERSION = 5.0;
			};
			name = Debug;
		};
		D2DC439C28EC9235006DDCD1 /* Release */ = {
			isa = XCBuildConfiguration;
			buildSettings = {
				ASSETCATALOG_COMPILER_APPICON_NAME = AppIcon;
				ASSETCATALOG_COMPILER_GLOBAL_ACCENT_COLOR_NAME = AccentColor;
				CLANG_ENABLE_MODULES = YES;
				CODE_SIGN_ENTITLEMENTS = NNJsonToModelTemplate/NNJsonToModelTemplate.entitlements;
				CODE_SIGN_STYLE = Automatic;
				COMBINE_HIDPI_IMAGES = YES;
				CURRENT_PROJECT_VERSION = 1;
				DEVELOPMENT_TEAM = F7R5HJX45X;
				ENABLE_HARDENED_RUNTIME = YES;
				GENERATE_INFOPLIST_FILE = YES;
				INFOPLIST_KEY_NSHumanReadableCopyright = "";
				INFOPLIST_KEY_NSMainStoryboardFile = Main;
				INFOPLIST_KEY_NSPrincipalClass = NSApplication;
				LD_RUNPATH_SEARCH_PATHS = (
					"$(inherited)",
					"@executable_path/../Frameworks",
				);
				MARKETING_VERSION = 1.0;
				PRODUCT_BUNDLE_IDENTIFIER = com.nn.jsontoclass.NNJsonToModelTemplate;
				PRODUCT_NAME = "$(TARGET_NAME)";
				SWIFT_EMIT_LOC_STRINGS = YES;
				SWIFT_OBJC_BRIDGING_HEADER = "NNJsonToModelTemplate/NNJsonToModelTemplate-Bridging-Header.h";
				SWIFT_VERSION = 5.0;
			};
			name = Release;
		};
		D2DC439E28EC9235006DDCD1 /* Debug */ = {
			isa = XCBuildConfiguration;
			buildSettings = {
				ALWAYS_EMBED_SWIFT_STANDARD_LIBRARIES = YES;
				BUNDLE_LOADER = "$(TEST_HOST)";
				CODE_SIGN_STYLE = Automatic;
				CURRENT_PROJECT_VERSION = 1;
				DEVELOPMENT_TEAM = F7R5HJX45X;
				GENERATE_INFOPLIST_FILE = YES;
				MACOSX_DEPLOYMENT_TARGET = 12.3;
				MARKETING_VERSION = 1.0;
				PRODUCT_BUNDLE_IDENTIFIER = com.nn.jsontoclass.NNJsonToModelTemplateTests;
				PRODUCT_NAME = "$(TARGET_NAME)";
				SWIFT_EMIT_LOC_STRINGS = NO;
				SWIFT_VERSION = 5.0;
				TEST_HOST = "$(BUILT_PRODUCTS_DIR)/NNJsonToModelTemplate.app/Contents/MacOS/NNJsonToModelTemplate";
			};
			name = Debug;
		};
		D2DC439F28EC9235006DDCD1 /* Release */ = {
			isa = XCBuildConfiguration;
			buildSettings = {
				ALWAYS_EMBED_SWIFT_STANDARD_LIBRARIES = YES;
				BUNDLE_LOADER = "$(TEST_HOST)";
				CODE_SIGN_STYLE = Automatic;
				CURRENT_PROJECT_VERSION = 1;
				DEVELOPMENT_TEAM = F7R5HJX45X;
				GENERATE_INFOPLIST_FILE = YES;
				MACOSX_DEPLOYMENT_TARGET = 12.3;
				MARKETING_VERSION = 1.0;
				PRODUCT_BUNDLE_IDENTIFIER = com.nn.jsontoclass.NNJsonToModelTemplateTests;
				PRODUCT_NAME = "$(TARGET_NAME)";
				SWIFT_EMIT_LOC_STRINGS = NO;
				SWIFT_VERSION = 5.0;
				TEST_HOST = "$(BUILT_PRODUCTS_DIR)/NNJsonToModelTemplate.app/Contents/MacOS/NNJsonToModelTemplate";
			};
			name = Release;
		};
		D2DC43A128EC9235006DDCD1 /* Debug */ = {
			isa = XCBuildConfiguration;
			buildSettings = {
				ALWAYS_EMBED_SWIFT_STANDARD_LIBRARIES = YES;
				CODE_SIGN_STYLE = Automatic;
				CURRENT_PROJECT_VERSION = 1;
				DEVELOPMENT_TEAM = F7R5HJX45X;
				GENERATE_INFOPLIST_FILE = YES;
				MARKETING_VERSION = 1.0;
				PRODUCT_BUNDLE_IDENTIFIER = com.nn.jsontoclass.NNJsonToModelTemplateUITests;
				PRODUCT_NAME = "$(TARGET_NAME)";
				SWIFT_EMIT_LOC_STRINGS = NO;
				SWIFT_VERSION = 5.0;
				TEST_TARGET_NAME = NNJsonToModelTemplate;
			};
			name = Debug;
		};
		D2DC43A228EC9235006DDCD1 /* Release */ = {
			isa = XCBuildConfiguration;
			buildSettings = {
				ALWAYS_EMBED_SWIFT_STANDARD_LIBRARIES = YES;
				CODE_SIGN_STYLE = Automatic;
				CURRENT_PROJECT_VERSION = 1;
				DEVELOPMENT_TEAM = F7R5HJX45X;
				GENERATE_INFOPLIST_FILE = YES;
				MARKETING_VERSION = 1.0;
				PRODUCT_BUNDLE_IDENTIFIER = com.nn.jsontoclass.NNJsonToModelTemplateUITests;
				PRODUCT_NAME = "$(TARGET_NAME)";
				SWIFT_EMIT_LOC_STRINGS = NO;
				SWIFT_VERSION = 5.0;
				TEST_TARGET_NAME = NNJsonToModelTemplate;
			};
			name = Release;
		};
/* End XCBuildConfiguration section */

/* Begin XCConfigurationList section */
		D2DC437028EC9234006DDCD1 /* Build configuration list for PBXProject "NNJsonToModelTemplate" */ = {
			isa = XCConfigurationList;
			buildConfigurations = (
				D2DC439828EC9235006DDCD1 /* Debug */,
				D2DC439928EC9235006DDCD1 /* Release */,
			);
			defaultConfigurationIsVisible = 0;
			defaultConfigurationName = Release;
		};
		D2DC439A28EC9235006DDCD1 /* Build configuration list for PBXNativeTarget "NNJsonToModelTemplate" */ = {
			isa = XCConfigurationList;
			buildConfigurations = (
				D2DC439B28EC9235006DDCD1 /* Debug */,
				D2DC439C28EC9235006DDCD1 /* Release */,
			);
			defaultConfigurationIsVisible = 0;
			defaultConfigurationName = Release;
		};
		D2DC439D28EC9235006DDCD1 /* Build configuration list for PBXNativeTarget "NNJsonToModelTemplateTests" */ = {
			isa = XCConfigurationList;
			buildConfigurations = (
				D2DC439E28EC9235006DDCD1 /* Debug */,
				D2DC439F28EC9235006DDCD1 /* Release */,
			);
			defaultConfigurationIsVisible = 0;
			defaultConfigurationName = Release;
		};
		D2DC43A028EC9235006DDCD1 /* Build configuration list for PBXNativeTarget "NNJsonToModelTemplateUITests" */ = {
			isa = XCConfigurationList;
			buildConfigurations = (
				D2DC43A128EC9235006DDCD1 /* Debug */,
				D2DC43A228EC9235006DDCD1 /* Release */,
			);
			defaultConfigurationIsVisible = 0;
			defaultConfigurationName = Release;
		};
/* End XCConfigurationList section */
	};
	rootObject = D2DC436D28EC9234006DDCD1 /* Project object */;
}
